
Microsoft Visual Studio Solution File, Format Version 12.00
# Visual Studio 15
VisualStudioVersion = 15.0.28010.2046
MinimumVisualStudioVersion = 10.0.40219.1
Project("{FAE04EC0-301F-11D3-BF4B-00C04F79EFBC}") = "KittyCoin", "KittyCoin\KittyCoin.csproj", "{64B59433-30D5-476D-B929-1911E1073493}"
EndProject
Project("{FAE04EC0-301F-11D3-BF4B-00C04F79EFBC}") = "KittyCoin.Tests", "KittyCoin.Tests\KittyCoin.Tests.csproj", "{51FB28C6-71CC-4F09-B527-5FE3C36CC7F6}"
EndProject
Global
	GlobalSection(SolutionConfigurationPlatforms) = preSolution
		Debug|Any CPU = Debug|Any CPU
		Release|Any CPU = Release|Any CPU
	EndGlobalSection
	GlobalSection(ProjectConfigurationPlatforms) = postSolution
		{64B59433-30D5-476D-B929-1911E1073493}.Debug|Any CPU.ActiveCfg = Debug|Any CPU
		{64B59433-30D5-476D-B929-1911E1073493}.Debug|Any CPU.Build.0 = Debug|Any CPU
		{64B59433-30D5-476D-B929-1911E1073493}.Release|Any CPU.ActiveCfg = Release|Any CPU
		{64B59433-30D5-476D-B929-1911E1073493}.Release|Any CPU.Build.0 = Release|Any CPU
		{51FB28C6-71CC-4F09-B527-5FE3C36CC7F6}.Debug|Any CPU.ActiveCfg = Debug|Any CPU
		{51FB28C6-71CC-4F09-B527-5FE3C36CC7F6}.Debug|Any CPU.Build.0 = Debug|Any CPU
		{51FB28C6-71CC-4F09-B527-5FE3C36CC7F6}.Release|Any CPU.ActiveCfg = Release|Any CPU
		{51FB28C6-71CC-4F09-B527-5FE3C36CC7F6}.Release|Any CPU.Build.0 = Release|Any CPU
	EndGlobalSection
	GlobalSection(SolutionProperties) = preSolution
		HideSolutionNode = FALSE
	EndGlobalSection
	GlobalSection(ExtensibilityGlobals) = postSolution
		SolutionGuid = {3FC991EB-1FD0-4A1F-9A2A-25E0E51A58D9}
	EndGlobalSection
EndGlobal
